{
  "nodes": {
    "c3c": {
      "inputs": {
        "flake-utils": "flake-utils",
        "nixpkgs": [
          "nixpkgs"
        ]
      },
      "locked": {
        "lastModified": 1757782293,
        "narHash": "sha256-Rp0Jv0SZmyBpdvQGvPJZNHJ+mr2EjnIi8Ebxan0uCe8=",
        "owner": "c3lang",
        "repo": "c3c",
        "rev": "2e99ae5ab98547dd202affc56c50096ca259d646",
        "type": "github"
      },
      "original": {
        "owner": "c3lang",
        "repo": "c3c",
        "type": "github"
      }
    },
    "flake-utils": {
      "inputs": {
        "systems": "systems"
      },
      "locked": {
        "lastModified": 1731533236,
        "narHash": "sha256-l0KFg5HjrsfsO/JpG+r7fRrqm12kzFHyUHqHCVpMMbI=",
        "owner": "numtide",
        "repo": "flake-utils",
        "rev": "11707dc2f618dd54ca8739b309ec4fc024de578b",
        "type": "github"
      },
      "original": {
        "owner": "numtide",
        "repo": "flake-utils",
        "type": "github"
      }
    },
    "flatpaks": {
      "locked": {
        "lastModified": 1754777568,
        "narHash": "sha256-0bBqT+3XncgF8F03RFAamw9vdf0VmaDoIJLTGkjfQZs=",
        "owner": "gmodena",
        "repo": "nix-flatpak",
        "rev": "62f636b87ef6050760a8cb325cadb90674d1e23e",
        "type": "github"
      },
      "original": {
        "owner": "gmodena",
        "repo": "nix-flatpak",
        "type": "github"
      }
    },
    "nixpkgs": {
      "locked": {
        "lastModified": 1757745802,
        "narHash": "sha256-hLEO2TPj55KcUFUU1vgtHE9UEIOjRcH/4QbmfHNF820=",
        "owner": "nixos",
        "repo": "nixpkgs",
        "rev": "c23193b943c6c689d70ee98ce3128239ed9e32d1",
        "type": "github"
      },
      "original": {
        "owner": "nixos",
        "ref": "nixos-unstable",
        "repo": "nixpkgs",
        "type": "github"
      }
    },
    "nixpkgs-stable": {
      "locked": {
        "lastModified": 1748026580,
        "narHash": "sha256-rWtXrcIzU5wm/C8F9LWvUfBGu5U5E7cFzPYT1pHIJaQ=",
        "owner": "NixOS",
        "repo": "nixpkgs",
        "rev": "11cb3517b3af6af300dd6c055aeda73c9bf52c48",
        "type": "github"
      },
      "original": {
        "owner": "NixOS",
        "ref": "25.05",
        "repo": "nixpkgs",
        "type": "github"
      }
    },
    "root": {
      "inputs": {
        "c3c": "c3c",
        "flatpaks": "flatpaks",
        "nixpkgs": "nixpkgs",
        "nixpkgs-stable": "nixpkgs-stable"
      }
    },
    "systems": {
      "locked": {
        "lastModified": 1681028828,
        "narHash": "sha256-Vy1rq5AaRuLzOxct8nz4T6wlgyUR7zLU309k9mBC768=",
        "owner": "nix-systems",
        "repo": "default",
        "rev": "da67096a3b9bf56a91d16901293e51ba5b49a27e",
        "type": "github"
      },
      "original": {
        "owner": "nix-systems",
        "repo": "default",
        "type": "github"
      }
    }
  },
  "root": "root",
  "version": 7
}
